PODS:
  - SnapKit (3.0.2)
  - SwiftyJSON (3.1.3)

DEPENDENCIES:
  - SnapKit (~> 3.0.2)
  - SwiftyJSON

SPEC CHECKSUMS:
  SnapKit: 2e456761aa92d4d4067a7a5594c18769d451a8ad
  SwiftyJSON: 38a8ea2006779c0fc4c310cb2ee8195327740faf

PODFILE CHECKSUM: acc2ac04e4cb13328e8d0fc4f1ab159028222f59

COCOAPODS: 1.1.1
